
Microsoft Visual Studio Solution File, Format Version 12.00
# Visual Studio 15
VisualStudioVersion = 15.0.28307.539
MinimumVisualStudioVersion = 10.0.40219.1
Project("{FAE04EC0-301F-11D3-BF4B-00C04F79EFBC}") = "Sales.Android", "Sales\Sales.Android\Sales.Android.csproj", "{5BFFF4BD-CDEC-49BF-B8DF-BC450899C798}"
EndProject
Project("{FAE04EC0-301F-11D3-BF4B-00C04F79EFBC}") = "Sales.iOS", "Sales\Sales.iOS\Sales.iOS.csproj", "{DB79FAB4-5E81-4101-83FE-629E69975E4F}"
EndProject
Project("{FAE04EC0-301F-11D3-BF4B-00C04F79EFBC}") = "Sales.UWP", "Sales\Sales.UWP\Sales.UWP.csproj", "{049164DB-2BA6-4449-9D2E-4537826EF9CE}"
EndProject
Project("{FAE04EC0-301F-11D3-BF4B-00C04F79EFBC}") = "Sales", "Sales\Sales\Sales.csproj", "{C50BD16E-D810-406F-B70B-4577E58C9C97}"
EndProject
Project("{FAE04EC0-301F-11D3-BF4B-00C04F79EFBC}") = "Sales.backend", "Sales.backend\Sales.backend.csproj", "{DFF8643B-E8CC-4EED-9F8A-A663546CC49B}"
EndProject
Project("{FAE04EC0-301F-11D3-BF4B-00C04F79EFBC}") = "Sales.API", "Sales.API\Sales.API.csproj", "{2751D18B-4FC5-49C0-BE06-20A44347D3A3}"
EndProject
Project("{FAE04EC0-301F-11D3-BF4B-00C04F79EFBC}") = "Sales.Domain", "Sales.Domain\Sales.Domain.csproj", "{5EB22E2A-600D-4A55-B655-A8357AFDD658}"
EndProject
Project("{FAE04EC0-301F-11D3-BF4B-00C04F79EFBC}") = "Sales.Common", "Sales.Common\Sales.Common.csproj", "{569BD4D6-3CCD-49E5-B71B-4ADC9F196948}"
EndProject
Global
	GlobalSection(SolutionConfigurationPlatforms) = preSolution
		Ad-Hoc|Any CPU = Ad-Hoc|Any CPU
		Ad-Hoc|ARM = Ad-Hoc|ARM
		Ad-Hoc|iPhone = Ad-Hoc|iPhone
		Ad-Hoc|iPhoneSimulator = Ad-Hoc|iPhoneSimulator
		Ad-Hoc|x64 = Ad-Hoc|x64
		Ad-Hoc|x86 = Ad-Hoc|x86
		AppStore|Any CPU = AppStore|Any CPU
		AppStore|ARM = AppStore|ARM
		AppStore|iPhone = AppStore|iPhone
		AppStore|iPhoneSimulator = AppStore|iPhoneSimulator
		AppStore|x64 = AppStore|x64
		AppStore|x86 = AppStore|x86
		Debug|Any CPU = Debug|Any CPU
		Debug|ARM = Debug|ARM
		Debug|iPhone = Debug|iPhone
		Debug|iPhoneSimulator = Debug|iPhoneSimulator
		Debug|x64 = Debug|x64
		Debug|x86 = Debug|x86
		Release|Any CPU = Release|Any CPU
		Release|ARM = Release|ARM
		Release|iPhone = Release|iPhone
		Release|iPhoneSimulator = Release|iPhoneSimulator
		Release|x64 = Release|x64
		Release|x86 = Release|x86
	EndGlobalSection
	GlobalSection(ProjectConfigurationPlatforms) = postSolution
		{5BFFF4BD-CDEC-49BF-B8DF-BC450899C798}.Ad-Hoc|Any CPU.ActiveCfg = Release|Any CPU
		{5BFFF4BD-CDEC-49BF-B8DF-BC450899C798}.Ad-Hoc|Any CPU.Build.0 = Release|Any CPU
		{5BFFF4BD-CDEC-49BF-B8DF-BC450899C798}.Ad-Hoc|Any CPU.Deploy.0 = Release|Any CPU
		{5BFFF4BD-CDEC-49BF-B8DF-BC450899C798}.Ad-Hoc|ARM.ActiveCfg = Release|Any CPU
		{5BFFF4BD-CDEC-49BF-B8DF-BC450899C798}.Ad-Hoc|ARM.Build.0 = Release|Any CPU
		{5BFFF4BD-CDEC-49BF-B8DF-BC450899C798}.Ad-Hoc|ARM.Deploy.0 = Release|Any CPU
		{5BFFF4BD-CDEC-49BF-B8DF-BC450899C798}.Ad-Hoc|iPhone.ActiveCfg = Release|Any CPU
		{5BFFF4BD-CDEC-49BF-B8DF-BC450899C798}.Ad-Hoc|iPhone.Build.0 = Release|Any CPU
		{5BFFF4BD-CDEC-49BF-B8DF-BC450899C798}.Ad-Hoc|iPhone.Deploy.0 = Release|Any CPU
		{5BFFF4BD-CDEC-49BF-B8DF-BC450899C798}.Ad-Hoc|iPhoneSimulator.ActiveCfg = Release|Any CPU
		{5BFFF4BD-CDEC-49BF-B8DF-BC450899C798}.Ad-Hoc|iPhoneSimulator.Build.0 = Release|Any CPU
		{5BFFF4BD-CDEC-49BF-B8DF-BC450899C798}.Ad-Hoc|iPhoneSimulator.Deploy.0 = Release|Any CPU
		{5BFFF4BD-CDEC-49BF-B8DF-BC450899C798}.Ad-Hoc|x64.ActiveCfg = Release|Any CPU
		{5BFFF4BD-CDEC-49BF-B8DF-BC450899C798}.Ad-Hoc|x64.Build.0 = Release|Any CPU
		{5BFFF4BD-CDEC-49BF-B8DF-BC450899C798}.Ad-Hoc|x64.Deploy.0 = Release|Any CPU
		{5BFFF4BD-CDEC-49BF-B8DF-BC450899C798}.Ad-Hoc|x86.ActiveCfg = Release|Any CPU
		{5BFFF4BD-CDEC-49BF-B8DF-BC450899C798}.Ad-Hoc|x86.Build.0 = Release|Any CPU
		{5BFFF4BD-CDEC-49BF-B8DF-BC450899C798}.Ad-Hoc|x86.Deploy.0 = Release|Any CPU
		{5BFFF4BD-CDEC-49BF-B8DF-BC450899C798}.AppStore|Any CPU.ActiveCfg = Release|Any CPU
		{5BFFF4BD-CDEC-49BF-B8DF-BC450899C798}.AppStore|Any CPU.Build.0 = Release|Any CPU
		{5BFFF4BD-CDEC-49BF-B8DF-BC450899C798}.AppStore|Any CPU.Deploy.0 = Release|Any CPU
		{5BFFF4BD-CDEC-49BF-B8DF-BC450899C798}.AppStore|ARM.ActiveCfg = Release|Any CPU
		{5BFFF4BD-CDEC-49BF-B8DF-BC450899C798}.AppStore|ARM.Build.0 = Release|Any CPU
		{5BFFF4BD-CDEC-49BF-B8DF-BC450899C798}.AppStore|ARM.Deploy.0 = Release|Any CPU
		{5BFFF4BD-CDEC-49BF-B8DF-BC450899C798}.AppStore|iPhone.ActiveCfg = Release|Any CPU
		{5BFFF4BD-CDEC-49BF-B8DF-BC450899C798}.AppStore|iPhone.Build.0 = Release|Any CPU
		{5BFFF4BD-CDEC-49BF-B8DF-BC450899C798}.AppStore|iPhone.Deploy.0 = Release|Any CPU
		{5BFFF4BD-CDEC-49BF-B8DF-BC450899C798}.AppStore|iPhoneSimulator.ActiveCfg = Release|Any CPU
		{5BFFF4BD-CDEC-49BF-B8DF-BC450899C798}.AppStore|iPhoneSimulator.Build.0 = Release|Any CPU
		{5BFFF4BD-CDEC-49BF-B8DF-BC450899C798}.AppStore|iPhoneSimulator.Deploy.0 = Release|Any CPU
		{5BFFF4BD-CDEC-49BF-B8DF-BC450899C798}.AppStore|x64.ActiveCfg = Release|Any CPU
		{5BFFF4BD-CDEC-49BF-B8DF-BC450899C798}.AppStore|x64.Build.0 = Release|Any CPU
		{5BFFF4BD-CDEC-49BF-B8DF-BC450899C798}.AppStore|x64.Deploy.0 = Release|Any CPU
		{5BFFF4BD-CDEC-49BF-B8DF-BC450899C798}.AppStore|x86.ActiveCfg = Release|Any CPU
		{5BFFF4BD-CDEC-49BF-B8DF-BC450899C798}.AppStore|x86.Build.0 = Release|Any CPU
		{5BFFF4BD-CDEC-49BF-B8DF-BC450899C798}.AppStore|x86.Deploy.0 = Release|Any CPU
		{5BFFF4BD-CDEC-49BF-B8DF-BC450899C798}.Debug|Any CPU.ActiveCfg = Debug|Any CPU
		{5BFFF4BD-CDEC-49BF-B8DF-BC450899C798}.Debug|Any CPU.Build.0 = Debug|Any CPU
		{5BFFF4BD-CDEC-49BF-B8DF-BC450899C798}.Debug|Any CPU.Deploy.0 = Debug|Any CPU
		{5BFFF4BD-CDEC-49BF-B8DF-BC450899C798}.Debug|ARM.ActiveCfg = Debug|Any CPU
		{5BFFF4BD-CDEC-49BF-B8DF-BC450899C798}.Debug|ARM.Build.0 = Debug|Any CPU
		{5BFFF4BD-CDEC-49BF-B8DF-BC450899C798}.Debug|ARM.Deploy.0 = Debug|Any CPU
		{5BFFF4BD-CDEC-49BF-B8DF-BC450899C798}.Debug|iPhone.ActiveCfg = Debug|Any CPU
		{5BFFF4BD-CDEC-49BF-B8DF-BC450899C798}.Debug|iPhone.Build.0 = Debug|Any CPU
		{5BFFF4BD-CDEC-49BF-B8DF-BC450899C798}.Debug|iPhone.Deploy.0 = Debug|Any CPU
		{5BFFF4BD-CDEC-49BF-B8DF-BC450899C798}.Debug|iPhoneSimulator.ActiveCfg = Debug|Any CPU
		{5BFFF4BD-CDEC-49BF-B8DF-BC450899C798}.Debug|iPhoneSimulator.Build.0 = Debug|Any CPU
		{5BFFF4BD-CDEC-49BF-B8DF-BC450899C798}.Debug|iPhoneSimulator.Deploy.0 = Debug|Any CPU
		{5BFFF4BD-CDEC-49BF-B8DF-BC450899C798}.Debug|x64.ActiveCfg = Debug|Any CPU
		{5BFFF4BD-CDEC-49BF-B8DF-BC450899C798}.Debug|x64.Build.0 = Debug|Any CPU
		{5BFFF4BD-CDEC-49BF-B8DF-BC450899C798}.Debug|x64.Deploy.0 = Debug|Any CPU
		{5BFFF4BD-CDEC-49BF-B8DF-BC450899C798}.Debug|x86.ActiveCfg = Debug|Any CPU
		{5BFFF4BD-CDEC-49BF-B8DF-BC450899C798}.Debug|x86.Build.0 = Debug|Any CPU
		{5BFFF4BD-CDEC-49BF-B8DF-BC450899C798}.Debug|x86.Deploy.0 = Debug|Any CPU
		{5BFFF4BD-CDEC-49BF-B8DF-BC450899C798}.Release|Any CPU.ActiveCfg = Release|Any CPU
		{5BFFF4BD-CDEC-49BF-B8DF-BC450899C798}.Release|Any CPU.Build.0 = Release|Any CPU
		{5BFFF4BD-CDEC-49BF-B8DF-BC450899C798}.Release|Any CPU.Deploy.0 = Release|Any CPU
		{5BFFF4BD-CDEC-49BF-B8DF-BC450899C798}.Release|ARM.ActiveCfg = Release|Any CPU
		{5BFFF4BD-CDEC-49BF-B8DF-BC450899C798}.Release|ARM.Build.0 = Release|Any CPU
		{5BFFF4BD-CDEC-49BF-B8DF-BC450899C798}.Release|ARM.Deploy.0 = Release|Any CPU
		{5BFFF4BD-CDEC-49BF-B8DF-BC450899C798}.Release|iPhone.ActiveCfg = Release|Any CPU
		{5BFFF4BD-CDEC-49BF-B8DF-BC450899C798}.Release|iPhone.Build.0 = Release|Any CPU
		{5BFFF4BD-CDEC-49BF-B8DF-BC450899C798}.Release|iPhone.Deploy.0 = Release|Any CPU
		{5BFFF4BD-CDEC-49BF-B8DF-BC450899C798}.Release|iPhoneSimulator.ActiveCfg = Release|Any CPU
		{5BFFF4BD-CDEC-49BF-B8DF-BC450899C798}.Release|iPhoneSimulator.Build.0 = Release|Any CPU
		{5BFFF4BD-CDEC-49BF-B8DF-BC450899C798}.Release|iPhoneSimulator.Deploy.0 = Release|Any CPU
		{5BFFF4BD-CDEC-49BF-B8DF-BC450899C798}.Release|x64.ActiveCfg = Release|Any CPU
		{5BFFF4BD-CDEC-49BF-B8DF-BC450899C798}.Release|x64.Build.0 = Release|Any CPU
		{5BFFF4BD-CDEC-49BF-B8DF-BC450899C798}.Release|x64.Deploy.0 = Release|Any CPU
		{5BFFF4BD-CDEC-49BF-B8DF-BC450899C798}.Release|x86.ActiveCfg = Release|Any CPU
		{5BFFF4BD-CDEC-49BF-B8DF-BC450899C798}.Release|x86.Build.0 = Release|Any CPU
		{5BFFF4BD-CDEC-49BF-B8DF-BC450899C798}.Release|x86.Deploy.0 = Release|Any CPU
		{DB79FAB4-5E81-4101-83FE-629E69975E4F}.Ad-Hoc|Any CPU.ActiveCfg = Ad-Hoc|iPhone
		{DB79FAB4-5E81-4101-83FE-629E69975E4F}.Ad-Hoc|Any CPU.Build.0 = Ad-Hoc|iPhone
		{DB79FAB4-5E81-4101-83FE-629E69975E4F}.Ad-Hoc|Any CPU.Deploy.0 = Ad-Hoc|iPhone
		{DB79FAB4-5E81-4101-83FE-629E69975E4F}.Ad-Hoc|ARM.ActiveCfg = Ad-Hoc|iPhone
		{DB79FAB4-5E81-4101-83FE-629E69975E4F}.Ad-Hoc|ARM.Build.0 = Ad-Hoc|iPhone
		{DB79FAB4-5E81-4101-83FE-629E69975E4F}.Ad-Hoc|ARM.Deploy.0 = Ad-Hoc|iPhone
		{DB79FAB4-5E81-4101-83FE-629E69975E4F}.Ad-Hoc|iPhone.ActiveCfg = Ad-Hoc|iPhone
		{DB79FAB4-5E81-4101-83FE-629E69975E4F}.Ad-Hoc|iPhone.Build.0 = Ad-Hoc|iPhone
		{DB79FAB4-5E81-4101-83FE-629E69975E4F}.Ad-Hoc|iPhone.Deploy.0 = Ad-Hoc|iPhone
		{DB79FAB4-5E81-4101-83FE-629E69975E4F}.Ad-Hoc|iPhoneSimulator.ActiveCfg = Ad-Hoc|iPhoneSimulator
		{DB79FAB4-5E81-4101-83FE-629E69975E4F}.Ad-Hoc|iPhoneSimulator.Build.0 = Ad-Hoc|iPhoneSimulator
		{DB79FAB4-5E81-4101-83FE-629E69975E4F}.Ad-Hoc|iPhoneSimulator.Deploy.0 = Ad-Hoc|iPhoneSimulator
		{DB79FAB4-5E81-4101-83FE-629E69975E4F}.Ad-Hoc|x64.ActiveCfg = Ad-Hoc|iPhone
		{DB79FAB4-5E81-4101-83FE-629E69975E4F}.Ad-Hoc|x64.Build.0 = Ad-Hoc|iPhone
		{DB79FAB4-5E81-4101-83FE-629E69975E4F}.Ad-Hoc|x64.Deploy.0 = Ad-Hoc|iPhone
		{DB79FAB4-5E81-4101-83FE-629E69975E4F}.Ad-Hoc|x86.ActiveCfg = Ad-Hoc|iPhone
		{DB79FAB4-5E81-4101-83FE-629E69975E4F}.Ad-Hoc|x86.Build.0 = Ad-Hoc|iPhone
		{DB79FAB4-5E81-4101-83FE-629E69975E4F}.Ad-Hoc|x86.Deploy.0 = Ad-Hoc|iPhone
		{DB79FAB4-5E81-4101-83FE-629E69975E4F}.AppStore|Any CPU.ActiveCfg = AppStore|iPhone
		{DB79FAB4-5E81-4101-83FE-629E69975E4F}.AppStore|Any CPU.Build.0 = AppStore|iPhone
		{DB79FAB4-5E81-4101-83FE-629E69975E4F}.AppStore|Any CPU.Deploy.0 = AppStore|iPhone
		{DB79FAB4-5E81-4101-83FE-629E69975E4F}.AppStore|ARM.ActiveCfg = AppStore|iPhone
		{DB79FAB4-5E81-4101-83FE-629E69975E4F}.AppStore|ARM.Build.0 = AppStore|iPhone
		{DB79FAB4-5E81-4101-83FE-629E69975E4F}.AppStore|ARM.Deploy.0 = AppStore|iPhone
		{DB79FAB4-5E81-4101-83FE-629E69975E4F}.AppStore|iPhone.ActiveCfg = AppStore|iPhone
		{DB79FAB4-5E81-4101-83FE-629E69975E4F}.AppStore|iPhone.Build.0 = AppStore|iPhone
		{DB79FAB4-5E81-4101-83FE-629E69975E4F}.AppStore|iPhone.Deploy.0 = AppStore|iPhone
		{DB79FAB4-5E81-4101-83FE-629E69975E4F}.AppStore|iPhoneSimulator.ActiveCfg = AppStore|iPhoneSimulator
		{DB79FAB4-5E81-4101-83FE-629E69975E4F}.AppStore|iPhoneSimulator.Build.0 = AppStore|iPhoneSimulator
		{DB79FAB4-5E81-4101-83FE-629E69975E4F}.AppStore|iPhoneSimulator.Deploy.0 = AppStore|iPhoneSimulator
		{DB79FAB4-5E81-4101-83FE-629E69975E4F}.AppStore|x64.ActiveCfg = AppStore|iPhone
		{DB79FAB4-5E81-4101-83FE-629E69975E4F}.AppStore|x64.Build.0 = AppStore|iPhone
		{DB79FAB4-5E81-4101-83FE-629E69975E4F}.AppStore|x64.Deploy.0 = AppStore|iPhone
		{DB79FAB4-5E81-4101-83FE-629E69975E4F}.AppStore|x86.ActiveCfg = AppStore|iPhone
		{DB79FAB4-5E81-4101-83FE-629E69975E4F}.AppStore|x86.Build.0 = AppStore|iPhone
		{DB79FAB4-5E81-4101-83FE-629E69975E4F}.AppStore|x86.Deploy.0 = AppStore|iPhone
		{DB79FAB4-5E81-4101-83FE-629E69975E4F}.Debug|Any CPU.ActiveCfg = Debug|iPhoneSimulator
		{DB79FAB4-5E81-4101-83FE-629E69975E4F}.Debug|Any CPU.Build.0 = Debug|iPhoneSimulator
		{DB79FAB4-5E81-4101-83FE-629E69975E4F}.Debug|Any CPU.Deploy.0 = Debug|iPhoneSimulator
		{DB79FAB4-5E81-4101-83FE-629E69975E4F}.Debug|ARM.ActiveCfg = Debug|iPhone
		{DB79FAB4-5E81-4101-83FE-629E69975E4F}.Debug|ARM.Build.0 = Debug|iPhone
		{DB79FAB4-5E81-4101-83FE-629E69975E4F}.Debug|ARM.Deploy.0 = Debug|iPhone
		{DB79FAB4-5E81-4101-83FE-629E69975E4F}.Debug|iPhone.ActiveCfg = Debug|iPhone
		{DB79FAB4-5E81-4101-83FE-629E69975E4F}.Debug|iPhone.Build.0 = Debug|iPhone
		{DB79FAB4-5E81-4101-83FE-629E69975E4F}.Debug|iPhone.Deploy.0 = Debug|iPhone
		{DB79FAB4-5E81-4101-83FE-629E69975E4F}.Debug|iPhoneSimulator.ActiveCfg = Debug|iPhoneSimulator
		{DB79FAB4-5E81-4101-83FE-629E69975E4F}.Debug|iPhoneSimulator.Build.0 = Debug|iPhoneSimulator
		{DB79FAB4-5E81-4101-83FE-629E69975E4F}.Debug|iPhoneSimulator.Deploy.0 = Debug|iPhoneSimulator
		{DB79FAB4-5E81-4101-83FE-629E69975E4F}.Debug|x64.ActiveCfg = Debug|iPhone
		{DB79FAB4-5E81-4101-83FE-629E69975E4F}.Debug|x64.Build.0 = Debug|iPhone
		{DB79FAB4-5E81-4101-83FE-629E69975E4F}.Debug|x64.Deploy.0 = Debug|iPhone
		{DB79FAB4-5E81-4101-83FE-629E69975E4F}.Debug|x86.ActiveCfg = Debug|iPhone
		{DB79FAB4-5E81-4101-83FE-629E69975E4F}.Debug|x86.Build.0 = Debug|iPhone
		{DB79FAB4-5E81-4101-83FE-629E69975E4F}.Debug|x86.Deploy.0 = Debug|iPhone
		{DB79FAB4-5E81-4101-83FE-629E69975E4F}.Release|Any CPU.ActiveCfg = Release|iPhone
		{DB79FAB4-5E81-4101-83FE-629E69975E4F}.Release|Any CPU.Build.0 = Release|iPhone
		{DB79FAB4-5E81-4101-83FE-629E69975E4F}.Release|Any CPU.Deploy.0 = Release|iPhone
		{DB79FAB4-5E81-4101-83FE-629E69975E4F}.Release|ARM.ActiveCfg = Release|iPhone
		{DB79FAB4-5E81-4101-83FE-629E69975E4F}.Release|ARM.Build.0 = Release|iPhone
		{DB79FAB4-5E81-4101-83FE-629E69975E4F}.Release|ARM.Deploy.0 = Release|iPhone
		{DB79FAB4-5E81-4101-83FE-629E69975E4F}.Release|iPhone.ActiveCfg = Release|iPhone
		{DB79FAB4-5E81-4101-83FE-629E69975E4F}.Release|iPhone.Build.0 = Release|iPhone
		{DB79FAB4-5E81-4101-83FE-629E69975E4F}.Release|iPhone.Deploy.0 = Release|iPhone
		{DB79FAB4-5E81-4101-83FE-629E69975E4F}.Release|iPhoneSimulator.ActiveCfg = Release|iPhoneSimulator
		{DB79FAB4-5E81-4101-83FE-629E69975E4F}.Release|iPhoneSimulator.Build.0 = Release|iPhoneSimulator
		{DB79FAB4-5E81-4101-83FE-629E69975E4F}.Release|iPhoneSimulator.Deploy.0 = Release|iPhoneSimulator
		{DB79FAB4-5E81-4101-83FE-629E69975E4F}.Release|x64.ActiveCfg = Release|iPhone
		{DB79FAB4-5E81-4101-83FE-629E69975E4F}.Release|x64.Build.0 = Release|iPhone
		{DB79FAB4-5E81-4101-83FE-629E69975E4F}.Release|x64.Deploy.0 = Release|iPhone
		{DB79FAB4-5E81-4101-83FE-629E69975E4F}.Release|x86.ActiveCfg = Release|iPhone
		{DB79FAB4-5E81-4101-83FE-629E69975E4F}.Release|x86.Build.0 = Release|iPhone
		{DB79FAB4-5E81-4101-83FE-629E69975E4F}.Release|x86.Deploy.0 = Release|iPhone
		{049164DB-2BA6-4449-9D2E-4537826EF9CE}.Ad-Hoc|Any CPU.ActiveCfg = Release|x86
		{049164DB-2BA6-4449-9D2E-4537826EF9CE}.Ad-Hoc|Any CPU.Build.0 = Release|x86
		{049164DB-2BA6-4449-9D2E-4537826EF9CE}.Ad-Hoc|Any CPU.Deploy.0 = Release|x86
		{049164DB-2BA6-4449-9D2E-4537826EF9CE}.Ad-Hoc|ARM.ActiveCfg = Release|ARM
		{049164DB-2BA6-4449-9D2E-4537826EF9CE}.Ad-Hoc|ARM.Build.0 = Release|ARM
		{049164DB-2BA6-4449-9D2E-4537826EF9CE}.Ad-Hoc|ARM.Deploy.0 = Release|ARM
		{049164DB-2BA6-4449-9D2E-4537826EF9CE}.Ad-Hoc|iPhone.ActiveCfg = Release|x86
		{049164DB-2BA6-4449-9D2E-4537826EF9CE}.Ad-Hoc|iPhone.Build.0 = Release|x86
		{049164DB-2BA6-4449-9D2E-4537826EF9CE}.Ad-Hoc|iPhone.Deploy.0 = Release|x86
		{049164DB-2BA6-4449-9D2E-4537826EF9CE}.Ad-Hoc|iPhoneSimulator.ActiveCfg = Release|x86
		{049164DB-2BA6-4449-9D2E-4537826EF9CE}.Ad-Hoc|iPhoneSimulator.Build.0 = Release|x86
		{049164DB-2BA6-4449-9D2E-4537826EF9CE}.Ad-Hoc|iPhoneSimulator.Deploy.0 = Release|x86
		{049164DB-2BA6-4449-9D2E-4537826EF9CE}.Ad-Hoc|x64.ActiveCfg = Release|x64
		{049164DB-2BA6-4449-9D2E-4537826EF9CE}.Ad-Hoc|x64.Build.0 = Release|x64
		{049164DB-2BA6-4449-9D2E-4537826EF9CE}.Ad-Hoc|x64.Deploy.0 = Release|x64
		{049164DB-2BA6-4449-9D2E-4537826EF9CE}.Ad-Hoc|x86.ActiveCfg = Release|x86
		{049164DB-2BA6-4449-9D2E-4537826EF9CE}.Ad-Hoc|x86.Build.0 = Release|x86
		{049164DB-2BA6-4449-9D2E-4537826EF9CE}.Ad-Hoc|x86.Deploy.0 = Release|x86
		{049164DB-2BA6-4449-9D2E-4537826EF9CE}.AppStore|Any CPU.ActiveCfg = Release|x86
		{049164DB-2BA6-4449-9D2E-4537826EF9CE}.AppStore|Any CPU.Build.0 = Release|x86
		{049164DB-2BA6-4449-9D2E-4537826EF9CE}.AppStore|Any CPU.Deploy.0 = Release|x86
		{049164DB-2BA6-4449-9D2E-4537826EF9CE}.AppStore|ARM.ActiveCfg = Release|ARM
		{049164DB-2BA6-4449-9D2E-4537826EF9CE}.AppStore|ARM.Build.0 = Release|ARM
		{049164DB-2BA6-4449-9D2E-4537826EF9CE}.AppStore|ARM.Deploy.0 = Release|ARM
		{049164DB-2BA6-4449-9D2E-4537826EF9CE}.AppStore|iPhone.ActiveCfg = Release|x86
		{049164DB-2BA6-4449-9D2E-4537826EF9CE}.AppStore|iPhone.Build.0 = Release|x86
		{049164DB-2BA6-4449-9D2E-4537826EF9CE}.AppStore|iPhone.Deploy.0 = Release|x86
		{049164DB-2BA6-4449-9D2E-4537826EF9CE}.AppStore|iPhoneSimulator.ActiveCfg = Release|x86
		{049164DB-2BA6-4449-9D2E-4537826EF9CE}.AppStore|iPhoneSimulator.Build.0 = Release|x86
		{049164DB-2BA6-4449-9D2E-4537826EF9CE}.AppStore|iPhoneSimulator.Deploy.0 = Release|x86
		{049164DB-2BA6-4449-9D2E-4537826EF9CE}.AppStore|x64.ActiveCfg = Release|x64
		{049164DB-2BA6-4449-9D2E-4537826EF9CE}.AppStore|x64.Build.0 = Release|x64
		{049164DB-2BA6-4449-9D2E-4537826EF9CE}.AppStore|x64.Deploy.0 = Release|x64
		{049164DB-2BA6-4449-9D2E-4537826EF9CE}.AppStore|x86.ActiveCfg = Release|x86
		{049164DB-2BA6-4449-9D2E-4537826EF9CE}.AppStore|x86.Build.0 = Release|x86
		{049164DB-2BA6-4449-9D2E-4537826EF9CE}.AppStore|x86.Deploy.0 = Release|x86
		{049164DB-2BA6-4449-9D2E-4537826EF9CE}.Debug|Any CPU.ActiveCfg = Debug|x86
		{049164DB-2BA6-4449-9D2E-4537826EF9CE}.Debug|Any CPU.Build.0 = Debug|x86
		{049164DB-2BA6-4449-9D2E-4537826EF9CE}.Debug|Any CPU.Deploy.0 = Debug|x86
		{049164DB-2BA6-4449-9D2E-4537826EF9CE}.Debug|ARM.ActiveCfg = Debug|ARM
		{049164DB-2BA6-4449-9D2E-4537826EF9CE}.Debug|ARM.Build.0 = Debug|ARM
		{049164DB-2BA6-4449-9D2E-4537826EF9CE}.Debug|ARM.Deploy.0 = Debug|ARM
		{049164DB-2BA6-4449-9D2E-4537826EF9CE}.Debug|iPhone.ActiveCfg = Debug|x86
		{049164DB-2BA6-4449-9D2E-4537826EF9CE}.Debug|iPhone.Build.0 = Debug|x86
		{049164DB-2BA6-4449-9D2E-4537826EF9CE}.Debug|iPhone.Deploy.0 = Debug|x86
		{049164DB-2BA6-4449-9D2E-4537826EF9CE}.Debug|iPhoneSimulator.ActiveCfg = Debug|x86
		{049164DB-2BA6-4449-9D2E-4537826EF9CE}.Debug|iPhoneSimulator.Build.0 = Debug|x86
		{049164DB-2BA6-4449-9D2E-4537826EF9CE}.Debug|iPhoneSimulator.Deploy.0 = Debug|x86
		{049164DB-2BA6-4449-9D2E-4537826EF9CE}.Debug|x64.ActiveCfg = Debug|x64
		{049164DB-2BA6-4449-9D2E-4537826EF9CE}.Debug|x64.Build.0 = Debug|x64
		{049164DB-2BA6-4449-9D2E-4537826EF9CE}.Debug|x64.Deploy.0 = Debug|x64
		{049164DB-2BA6-4449-9D2E-4537826EF9CE}.Debug|x86.ActiveCfg = Debug|x86
		{049164DB-2BA6-4449-9D2E-4537826EF9CE}.Debug|x86.Build.0 = Debug|x86
		{049164DB-2BA6-4449-9D2E-4537826EF9CE}.Debug|x86.Deploy.0 = Debug|x86
		{049164DB-2BA6-4449-9D2E-4537826EF9CE}.Release|Any CPU.ActiveCfg = Release|x86
		{049164DB-2BA6-4449-9D2E-4537826EF9CE}.Release|Any CPU.Build.0 = Release|x86
		{049164DB-2BA6-4449-9D2E-4537826EF9CE}.Release|Any CPU.Deploy.0 = Release|x86
		{049164DB-2BA6-4449-9D2E-4537826EF9CE}.Release|ARM.ActiveCfg = Release|ARM
		{049164DB-2BA6-4449-9D2E-4537826EF9CE}.Release|ARM.Build.0 = Release|ARM
		{049164DB-2BA6-4449-9D2E-4537826EF9CE}.Release|ARM.Deploy.0 = Release|ARM
		{049164DB-2BA6-4449-9D2E-4537826EF9CE}.Release|iPhone.ActiveCfg = Release|x86
		{049164DB-2BA6-4449-9D2E-4537826EF9CE}.Release|iPhone.Build.0 = Release|x86
		{049164DB-2BA6-4449-9D2E-4537826EF9CE}.Release|iPhone.Deploy.0 = Release|x86
		{049164DB-2BA6-4449-9D2E-4537826EF9CE}.Release|iPhoneSimulator.ActiveCfg = Release|x86
		{049164DB-2BA6-4449-9D2E-4537826EF9CE}.Release|iPhoneSimulator.Build.0 = Release|x86
		{049164DB-2BA6-4449-9D2E-4537826EF9CE}.Release|iPhoneSimulator.Deploy.0 = Release|x86
		{049164DB-2BA6-4449-9D2E-4537826EF9CE}.Release|x64.ActiveCfg = Release|x64
		{049164DB-2BA6-4449-9D2E-4537826EF9CE}.Release|x64.Build.0 = Release|x64
		{049164DB-2BA6-4449-9D2E-4537826EF9CE}.Release|x64.Deploy.0 = Release|x64
		{049164DB-2BA6-4449-9D2E-4537826EF9CE}.Release|x86.ActiveCfg = Release|x86
		{049164DB-2BA6-4449-9D2E-4537826EF9CE}.Release|x86.Build.0 = Release|x86
		{049164DB-2BA6-4449-9D2E-4537826EF9CE}.Release|x86.Deploy.0 = Release|x86
		{C50BD16E-D810-406F-B70B-4577E58C9C97}.Ad-Hoc|Any CPU.ActiveCfg = Debug|Any CPU
		{C50BD16E-D810-406F-B70B-4577E58C9C97}.Ad-Hoc|Any CPU.Build.0 = Debug|Any CPU
		{C50BD16E-D810-406F-B70B-4577E58C9C97}.Ad-Hoc|Any CPU.Deploy.0 = Debug|Any CPU
		{C50BD16E-D810-406F-B70B-4577E58C9C97}.Ad-Hoc|ARM.ActiveCfg = Debug|Any CPU
		{C50BD16E-D810-406F-B70B-4577E58C9C97}.Ad-Hoc|ARM.Build.0 = Debug|Any CPU
		{C50BD16E-D810-406F-B70B-4577E58C9C97}.Ad-Hoc|ARM.Deploy.0 = Debug|Any CPU
		{C50BD16E-D810-406F-B70B-4577E58C9C97}.Ad-Hoc|iPhone.ActiveCfg = Debug|Any CPU
		{C50BD16E-D810-406F-B70B-4577E58C9C97}.Ad-Hoc|iPhone.Build.0 = Debug|Any CPU
		{C50BD16E-D810-406F-B70B-4577E58C9C97}.Ad-Hoc|iPhone.Deploy.0 = Debug|Any CPU
		{C50BD16E-D810-406F-B70B-4577E58C9C97}.Ad-Hoc|iPhoneSimulator.ActiveCfg = Debug|Any CPU
		{C50BD16E-D810-406F-B70B-4577E58C9C97}.Ad-Hoc|iPhoneSimulator.Build.0 = Debug|Any CPU
		{C50BD16E-D810-406F-B70B-4577E58C9C97}.Ad-Hoc|iPhoneSimulator.Deploy.0 = Debug|Any CPU
		{C50BD16E-D810-406F-B70B-4577E58C9C97}.Ad-Hoc|x64.ActiveCfg = Debug|Any CPU
		{C50BD16E-D810-406F-B70B-4577E58C9C97}.Ad-Hoc|x64.Build.0 = Debug|Any CPU
		{C50BD16E-D810-406F-B70B-4577E58C9C97}.Ad-Hoc|x64.Deploy.0 = Debug|Any CPU
		{C50BD16E-D810-406F-B70B-4577E58C9C97}.Ad-Hoc|x86.ActiveCfg = Debug|Any CPU
		{C50BD16E-D810-406F-B70B-4577E58C9C97}.Ad-Hoc|x86.Build.0 = Debug|Any CPU
		{C50BD16E-D810-406F-B70B-4577E58C9C97}.Ad-Hoc|x86.Deploy.0 = Debug|Any CPU
		{C50BD16E-D810-406F-B70B-4577E58C9C97}.AppStore|Any CPU.ActiveCfg = Debug|Any CPU
		{C50BD16E-D810-406F-B70B-4577E58C9C97}.AppStore|Any CPU.Build.0 = Debug|Any CPU
		{C50BD16E-D810-406F-B70B-4577E58C9C97}.AppStore|Any CPU.Deploy.0 = Debug|Any CPU
		{C50BD16E-D810-406F-B70B-4577E58C9C97}.AppStore|ARM.ActiveCfg = Debug|Any CPU
		{C50BD16E-D810-406F-B70B-4577E58C9C97}.AppStore|ARM.Build.0 = Debug|Any CPU
		{C50BD16E-D810-406F-B70B-4577E58C9C97}.AppStore|ARM.Deploy.0 = Debug|Any CPU
		{C50BD16E-D810-406F-B70B-4577E58C9C97}.AppStore|iPhone.ActiveCfg = Debug|Any CPU
		{C50BD16E-D810-406F-B70B-4577E58C9C97}.AppStore|iPhone.Build.0 = Debug|Any CPU
		{C50BD16E-D810-406F-B70B-4577E58C9C97}.AppStore|iPhone.Deploy.0 = Debug|Any CPU
		{C50BD16E-D810-406F-B70B-4577E58C9C97}.AppStore|iPhoneSimulator.ActiveCfg = Debug|Any CPU
		{C50BD16E-D810-406F-B70B-4577E58C9C97}.AppStore|iPhoneSimulator.Build.0 = Debug|Any CPU
		{C50BD16E-D810-406F-B70B-4577E58C9C97}.AppStore|iPhoneSimulator.Deploy.0 = Debug|Any CPU
		{C50BD16E-D810-406F-B70B-4577E58C9C97}.AppStore|x64.ActiveCfg = Debug|Any CPU
		{C50BD16E-D810-406F-B70B-4577E58C9C97}.AppStore|x64.Build.0 = Debug|Any CPU
		{C50BD16E-D810-406F-B70B-4577E58C9C97}.AppStore|x64.Deploy.0 = Debug|Any CPU
		{C50BD16E-D810-406F-B70B-4577E58C9C97}.AppStore|x86.ActiveCfg = Debug|Any CPU
		{C50BD16E-D810-406F-B70B-4577E58C9C97}.AppStore|x86.Build.0 = Debug|Any CPU
		{C50BD16E-D810-406F-B70B-4577E58C9C97}.AppStore|x86.Deploy.0 = Debug|Any CPU
		{C50BD16E-D810-406F-B70B-4577E58C9C97}.Debug|Any CPU.ActiveCfg = Debug|Any CPU
		{C50BD16E-D810-406F-B70B-4577E58C9C97}.Debug|Any CPU.Build.0 = Debug|Any CPU
		{C50BD16E-D810-406F-B70B-4577E58C9C97}.Debug|Any CPU.Deploy.0 = Debug|Any CPU
		{C50BD16E-D810-406F-B70B-4577E58C9C97}.Debug|ARM.ActiveCfg = Debug|Any CPU
		{C50BD16E-D810-406F-B70B-4577E58C9C97}.Debug|ARM.Build.0 = Debug|Any CPU
		{C50BD16E-D810-406F-B70B-4577E58C9C97}.Debug|ARM.Deploy.0 = Debug|Any CPU
		{C50BD16E-D810-406F-B70B-4577E58C9C97}.Debug|iPhone.ActiveCfg = Debug|Any CPU
		{C50BD16E-D810-406F-B70B-4577E58C9C97}.Debug|iPhone.Build.0 = Debug|Any CPU
		{C50BD16E-D810-406F-B70B-4577E58C9C97}.Debug|iPhone.Deploy.0 = Debug|Any CPU
		{C50BD16E-D810-406F-B70B-4577E58C9C97}.Debug|iPhoneSimulator.ActiveCfg = Debug|Any CPU
		{C50BD16E-D810-406F-B70B-4577E58C9C97}.Debug|iPhoneSimulator.Build.0 = Debug|Any CPU
		{C50BD16E-D810-406F-B70B-4577E58C9C97}.Debug|iPhoneSimulator.Deploy.0 = Debug|Any CPU
		{C50BD16E-D810-406F-B70B-4577E58C9C97}.Debug|x64.ActiveCfg = Debug|Any CPU
		{C50BD16E-D810-406F-B70B-4577E58C9C97}.Debug|x64.Build.0 = Debug|Any CPU
		{C50BD16E-D810-406F-B70B-4577E58C9C97}.Debug|x64.Deploy.0 = Debug|Any CPU
		{C50BD16E-D810-406F-B70B-4577E58C9C97}.Debug|x86.ActiveCfg = Debug|Any CPU
		{C50BD16E-D810-406F-B70B-4577E58C9C97}.Debug|x86.Build.0 = Debug|Any CPU
		{C50BD16E-D810-406F-B70B-4577E58C9C97}.Debug|x86.Deploy.0 = Debug|Any CPU
		{C50BD16E-D810-406F-B70B-4577E58C9C97}.Release|Any CPU.ActiveCfg = Release|Any CPU
		{C50BD16E-D810-406F-B70B-4577E58C9C97}.Release|Any CPU.Build.0 = Release|Any CPU
		{C50BD16E-D810-406F-B70B-4577E58C9C97}.Release|Any CPU.Deploy.0 = Release|Any CPU
		{C50BD16E-D810-406F-B70B-4577E58C9C97}.Release|ARM.ActiveCfg = Release|Any CPU
		{C50BD16E-D810-406F-B70B-4577E58C9C97}.Release|ARM.Build.0 = Release|Any CPU
		{C50BD16E-D810-406F-B70B-4577E58C9C97}.Release|ARM.Deploy.0 = Release|Any CPU
		{C50BD16E-D810-406F-B70B-4577E58C9C97}.Release|iPhone.ActiveCfg = Release|Any CPU
		{C50BD16E-D810-406F-B70B-4577E58C9C97}.Release|iPhone.Build.0 = Release|Any CPU
		{C50BD16E-D810-406F-B70B-4577E58C9C97}.Release|iPhone.Deploy.0 = Release|Any CPU
		{C50BD16E-D810-406F-B70B-4577E58C9C97}.Release|iPhoneSimulator.ActiveCfg = Release|Any CPU
		{C50BD16E-D810-406F-B70B-4577E58C9C97}.Release|iPhoneSimulator.Build.0 = Release|Any CPU
		{C50BD16E-D810-406F-B70B-4577E58C9C97}.Release|iPhoneSimulator.Deploy.0 = Release|Any CPU
		{C50BD16E-D810-406F-B70B-4577E58C9C97}.Release|x64.ActiveCfg = Release|Any CPU
		{C50BD16E-D810-406F-B70B-4577E58C9C97}.Release|x64.Build.0 = Release|Any CPU
		{C50BD16E-D810-406F-B70B-4577E58C9C97}.Release|x64.Deploy.0 = Release|Any CPU
		{C50BD16E-D810-406F-B70B-4577E58C9C97}.Release|x86.ActiveCfg = Release|Any CPU
		{C50BD16E-D810-406F-B70B-4577E58C9C97}.Release|x86.Build.0 = Release|Any CPU
		{C50BD16E-D810-406F-B70B-4577E58C9C97}.Release|x86.Deploy.0 = Release|Any CPU
		{DFF8643B-E8CC-4EED-9F8A-A663546CC49B}.Ad-Hoc|Any CPU.ActiveCfg = Release|Any CPU
		{DFF8643B-E8CC-4EED-9F8A-A663546CC49B}.Ad-Hoc|Any CPU.Build.0 = Release|Any CPU
		{DFF8643B-E8CC-4EED-9F8A-A663546CC49B}.Ad-Hoc|ARM.ActiveCfg = Release|Any CPU
		{DFF8643B-E8CC-4EED-9F8A-A663546CC49B}.Ad-Hoc|ARM.Build.0 = Release|Any CPU
		{DFF8643B-E8CC-4EED-9F8A-A663546CC49B}.Ad-Hoc|iPhone.ActiveCfg = Release|Any CPU
		{DFF8643B-E8CC-4EED-9F8A-A663546CC49B}.Ad-Hoc|iPhone.Build.0 = Release|Any CPU
		{DFF8643B-E8CC-4EED-9F8A-A663546CC49B}.Ad-Hoc|iPhoneSimulator.ActiveCfg = Release|Any CPU
		{DFF8643B-E8CC-4EED-9F8A-A663546CC49B}.Ad-Hoc|iPhoneSimulator.Build.0 = Release|Any CPU
		{DFF8643B-E8CC-4EED-9F8A-A663546CC49B}.Ad-Hoc|x64.ActiveCfg = Release|Any CPU
		{DFF8643B-E8CC-4EED-9F8A-A663546CC49B}.Ad-Hoc|x64.Build.0 = Release|Any CPU
		{DFF8643B-E8CC-4EED-9F8A-A663546CC49B}.Ad-Hoc|x86.ActiveCfg = Release|Any CPU
		{DFF8643B-E8CC-4EED-9F8A-A663546CC49B}.Ad-Hoc|x86.Build.0 = Release|Any CPU
		{DFF8643B-E8CC-4EED-9F8A-A663546CC49B}.AppStore|Any CPU.ActiveCfg = Release|Any CPU
		{DFF8643B-E8CC-4EED-9F8A-A663546CC49B}.AppStore|Any CPU.Build.0 = Release|Any CPU
		{DFF8643B-E8CC-4EED-9F8A-A663546CC49B}.AppStore|ARM.ActiveCfg = Release|Any CPU
		{DFF8643B-E8CC-4EED-9F8A-A663546CC49B}.AppStore|ARM.Build.0 = Release|Any CPU
		{DFF8643B-E8CC-4EED-9F8A-A663546CC49B}.AppStore|iPhone.ActiveCfg = Release|Any CPU
		{DFF8643B-E8CC-4EED-9F8A-A663546CC49B}.AppStore|iPhone.Build.0 = Release|Any CPU
		{DFF8643B-E8CC-4EED-9F8A-A663546CC49B}.AppStore|iPhoneSimulator.ActiveCfg = Release|Any CPU
		{DFF8643B-E8CC-4EED-9F8A-A663546CC49B}.AppStore|iPhoneSimulator.Build.0 = Release|Any CPU
		{DFF8643B-E8CC-4EED-9F8A-A663546CC49B}.AppStore|x64.ActiveCfg = Release|Any CPU
		{DFF8643B-E8CC-4EED-9F8A-A663546CC49B}.AppStore|x64.Build.0 = Release|Any CPU
		{DFF8643B-E8CC-4EED-9F8A-A663546CC49B}.AppStore|x86.ActiveCfg = Release|Any CPU
		{DFF8643B-E8CC-4EED-9F8A-A663546CC49B}.AppStore|x86.Build.0 = Release|Any CPU
		{DFF8643B-E8CC-4EED-9F8A-A663546CC49B}.Debug|Any CPU.ActiveCfg = Debug|Any CPU
		{DFF8643B-E8CC-4EED-9F8A-A663546CC49B}.Debug|Any CPU.Build.0 = Debug|Any CPU
		{DFF8643B-E8CC-4EED-9F8A-A663546CC49B}.Debug|ARM.ActiveCfg = Debug|Any CPU
		{DFF8643B-E8CC-4EED-9F8A-A663546CC49B}.Debug|ARM.Build.0 = Debug|Any CPU
		{DFF8643B-E8CC-4EED-9F8A-A663546CC49B}.Debug|iPhone.ActiveCfg = Debug|Any CPU
		{DFF8643B-E8CC-4EED-9F8A-A663546CC49B}.Debug|iPhone.Build.0 = Debug|Any CPU
		{DFF8643B-E8CC-4EED-9F8A-A663546CC49B}.Debug|iPhoneSimulator.ActiveCfg = Debug|Any CPU
		{DFF8643B-E8CC-4EED-9F8A-A663546CC49B}.Debug|iPhoneSimulator.Build.0 = Debug|Any CPU
		{DFF8643B-E8CC-4EED-9F8A-A663546CC49B}.Debug|x64.ActiveCfg = Debug|Any CPU
		{DFF8643B-E8CC-4EED-9F8A-A663546CC49B}.Debug|x64.Build.0 = Debug|Any CPU
		{DFF8643B-E8CC-4EED-9F8A-A663546CC49B}.Debug|x86.ActiveCfg = Debug|Any CPU
		{DFF8643B-E8CC-4EED-9F8A-A663546CC49B}.Debug|x86.Build.0 = Debug|Any CPU
		{DFF8643B-E8CC-4EED-9F8A-A663546CC49B}.Release|Any CPU.ActiveCfg = Release|Any CPU
		{DFF8643B-E8CC-4EED-9F8A-A663546CC49B}.Release|Any CPU.Build.0 = Release|Any CPU
		{DFF8643B-E8CC-4EED-9F8A-A663546CC49B}.Release|ARM.ActiveCfg = Release|Any CPU
		{DFF8643B-E8CC-4EED-9F8A-A663546CC49B}.Release|ARM.Build.0 = Release|Any CPU
		{DFF8643B-E8CC-4EED-9F8A-A663546CC49B}.Release|iPhone.ActiveCfg = Release|Any CPU
		{DFF8643B-E8CC-4EED-9F8A-A663546CC49B}.Release|iPhone.Build.0 = Release|Any CPU
		{DFF8643B-E8CC-4EED-9F8A-A663546CC49B}.Release|iPhoneSimulator.ActiveCfg = Release|Any CPU
		{DFF8643B-E8CC-4EED-9F8A-A663546CC49B}.Release|iPhoneSimulator.Build.0 = Release|Any CPU
		{DFF8643B-E8CC-4EED-9F8A-A663546CC49B}.Release|x64.ActiveCfg = Release|Any CPU
		{DFF8643B-E8CC-4EED-9F8A-A663546CC49B}.Release|x64.Build.0 = Release|Any CPU
		{DFF8643B-E8CC-4EED-9F8A-A663546CC49B}.Release|x86.ActiveCfg = Release|Any CPU
		{DFF8643B-E8CC-4EED-9F8A-A663546CC49B}.Release|x86.Build.0 = Release|Any CPU
		{2751D18B-4FC5-49C0-BE06-20A44347D3A3}.Ad-Hoc|Any CPU.ActiveCfg = Release|Any CPU
		{2751D18B-4FC5-49C0-BE06-20A44347D3A3}.Ad-Hoc|Any CPU.Build.0 = Release|Any CPU
		{2751D18B-4FC5-49C0-BE06-20A44347D3A3}.Ad-Hoc|ARM.ActiveCfg = Release|Any CPU
		{2751D18B-4FC5-49C0-BE06-20A44347D3A3}.Ad-Hoc|ARM.Build.0 = Release|Any CPU
		{2751D18B-4FC5-49C0-BE06-20A44347D3A3}.Ad-Hoc|iPhone.ActiveCfg = Release|Any CPU
		{2751D18B-4FC5-49C0-BE06-20A44347D3A3}.Ad-Hoc|iPhone.Build.0 = Release|Any CPU
		{2751D18B-4FC5-49C0-BE06-20A44347D3A3}.Ad-Hoc|iPhoneSimulator.ActiveCfg = Release|Any CPU
		{2751D18B-4FC5-49C0-BE06-20A44347D3A3}.Ad-Hoc|iPhoneSimulator.Build.0 = Release|Any CPU
		{2751D18B-4FC5-49C0-BE06-20A44347D3A3}.Ad-Hoc|x64.ActiveCfg = Release|Any CPU
		{2751D18B-4FC5-49C0-BE06-20A44347D3A3}.Ad-Hoc|x64.Build.0 = Release|Any CPU
		{2751D18B-4FC5-49C0-BE06-20A44347D3A3}.Ad-Hoc|x86.ActiveCfg = Release|Any CPU
		{2751D18B-4FC5-49C0-BE06-20A44347D3A3}.Ad-Hoc|x86.Build.0 = Release|Any CPU
		{2751D18B-4FC5-49C0-BE06-20A44347D3A3}.AppStore|Any CPU.ActiveCfg = Release|Any CPU
		{2751D18B-4FC5-49C0-BE06-20A44347D3A3}.AppStore|Any CPU.Build.0 = Release|Any CPU
		{2751D18B-4FC5-49C0-BE06-20A44347D3A3}.AppStore|ARM.ActiveCfg = Release|Any CPU
		{2751D18B-4FC5-49C0-BE06-20A44347D3A3}.AppStore|ARM.Build.0 = Release|Any CPU
		{2751D18B-4FC5-49C0-BE06-20A44347D3A3}.AppStore|iPhone.ActiveCfg = Release|Any CPU
		{2751D18B-4FC5-49C0-BE06-20A44347D3A3}.AppStore|iPhone.Build.0 = Release|Any CPU
		{2751D18B-4FC5-49C0-BE06-20A44347D3A3}.AppStore|iPhoneSimulator.ActiveCfg = Release|Any CPU
		{2751D18B-4FC5-49C0-BE06-20A44347D3A3}.AppStore|iPhoneSimulator.Build.0 = Release|Any CPU
		{2751D18B-4FC5-49C0-BE06-20A44347D3A3}.AppStore|x64.ActiveCfg = Release|Any CPU
		{2751D18B-4FC5-49C0-BE06-20A44347D3A3}.AppStore|x64.Build.0 = Release|Any CPU
		{2751D18B-4FC5-49C0-BE06-20A44347D3A3}.AppStore|x86.ActiveCfg = Release|Any CPU
		{2751D18B-4FC5-49C0-BE06-20A44347D3A3}.AppStore|x86.Build.0 = Release|Any CPU
		{2751D18B-4FC5-49C0-BE06-20A44347D3A3}.Debug|Any CPU.ActiveCfg = Debug|Any CPU
		{2751D18B-4FC5-49C0-BE06-20A44347D3A3}.Debug|Any CPU.Build.0 = Debug|Any CPU
		{2751D18B-4FC5-49C0-BE06-20A44347D3A3}.Debug|ARM.ActiveCfg = Debug|Any CPU
		{2751D18B-4FC5-49C0-BE06-20A44347D3A3}.Debug|ARM.Build.0 = Debug|Any CPU
		{2751D18B-4FC5-49C0-BE06-20A44347D3A3}.Debug|iPhone.ActiveCfg = Debug|Any CPU
		{2751D18B-4FC5-49C0-BE06-20A44347D3A3}.Debug|iPhone.Build.0 = Debug|Any CPU
		{2751D18B-4FC5-49C0-BE06-20A44347D3A3}.Debug|iPhoneSimulator.ActiveCfg = Debug|Any CPU
		{2751D18B-4FC5-49C0-BE06-20A44347D3A3}.Debug|iPhoneSimulator.Build.0 = Debug|Any CPU
		{2751D18B-4FC5-49C0-BE06-20A44347D3A3}.Debug|x64.ActiveCfg = Debug|Any CPU
		{2751D18B-4FC5-49C0-BE06-20A44347D3A3}.Debug|x64.Build.0 = Debug|Any CPU
		{2751D18B-4FC5-49C0-BE06-20A44347D3A3}.Debug|x86.ActiveCfg = Debug|Any CPU
		{2751D18B-4FC5-49C0-BE06-20A44347D3A3}.Debug|x86.Build.0 = Debug|Any CPU
		{2751D18B-4FC5-49C0-BE06-20A44347D3A3}.Release|Any CPU.ActiveCfg = Release|Any CPU
		{2751D18B-4FC5-49C0-BE06-20A44347D3A3}.Release|Any CPU.Build.0 = Release|Any CPU
		{2751D18B-4FC5-49C0-BE06-20A44347D3A3}.Release|ARM.ActiveCfg = Release|Any CPU
		{2751D18B-4FC5-49C0-BE06-20A44347D3A3}.Release|ARM.Build.0 = Release|Any CPU
		{2751D18B-4FC5-49C0-BE06-20A44347D3A3}.Release|iPhone.ActiveCfg = Release|Any CPU
		{2751D18B-4FC5-49C0-BE06-20A44347D3A3}.Release|iPhone.Build.0 = Release|Any CPU
		{2751D18B-4FC5-49C0-BE06-20A44347D3A3}.Release|iPhoneSimulator.ActiveCfg = Release|Any CPU
		{2751D18B-4FC5-49C0-BE06-20A44347D3A3}.Release|iPhoneSimulator.Build.0 = Release|Any CPU
		{2751D18B-4FC5-49C0-BE06-20A44347D3A3}.Release|x64.ActiveCfg = Release|Any CPU
		{2751D18B-4FC5-49C0-BE06-20A44347D3A3}.Release|x64.Build.0 = Release|Any CPU
		{2751D18B-4FC5-49C0-BE06-20A44347D3A3}.Release|x86.ActiveCfg = Release|Any CPU
		{2751D18B-4FC5-49C0-BE06-20A44347D3A3}.Release|x86.Build.0 = Release|Any CPU
		{5EB22E2A-600D-4A55-B655-A8357AFDD658}.Ad-Hoc|Any CPU.ActiveCfg = Release|Any CPU
		{5EB22E2A-600D-4A55-B655-A8357AFDD658}.Ad-Hoc|Any CPU.Build.0 = Release|Any CPU
		{5EB22E2A-600D-4A55-B655-A8357AFDD658}.Ad-Hoc|ARM.ActiveCfg = Release|Any CPU
		{5EB22E2A-600D-4A55-B655-A8357AFDD658}.Ad-Hoc|ARM.Build.0 = Release|Any CPU
		{5EB22E2A-600D-4A55-B655-A8357AFDD658}.Ad-Hoc|iPhone.ActiveCfg = Release|Any CPU
		{5EB22E2A-600D-4A55-B655-A8357AFDD658}.Ad-Hoc|iPhone.Build.0 = Release|Any CPU
		{5EB22E2A-600D-4A55-B655-A8357AFDD658}.Ad-Hoc|iPhoneSimulator.ActiveCfg = Release|Any CPU
		{5EB22E2A-600D-4A55-B655-A8357AFDD658}.Ad-Hoc|iPhoneSimulator.Build.0 = Release|Any CPU
		{5EB22E2A-600D-4A55-B655-A8357AFDD658}.Ad-Hoc|x64.ActiveCfg = Release|Any CPU
		{5EB22E2A-600D-4A55-B655-A8357AFDD658}.Ad-Hoc|x64.Build.0 = Release|Any CPU
		{5EB22E2A-600D-4A55-B655-A8357AFDD658}.Ad-Hoc|x86.ActiveCfg = Release|Any CPU
		{5EB22E2A-600D-4A55-B655-A8357AFDD658}.Ad-Hoc|x86.Build.0 = Release|Any CPU
		{5EB22E2A-600D-4A55-B655-A8357AFDD658}.AppStore|Any CPU.ActiveCfg = Release|Any CPU
		{5EB22E2A-600D-4A55-B655-A8357AFDD658}.AppStore|Any CPU.Build.0 = Release|Any CPU
		{5EB22E2A-600D-4A55-B655-A8357AFDD658}.AppStore|ARM.ActiveCfg = Release|Any CPU
		{5EB22E2A-600D-4A55-B655-A8357AFDD658}.AppStore|ARM.Build.0 = Release|Any CPU
		{5EB22E2A-600D-4A55-B655-A8357AFDD658}.AppStore|iPhone.ActiveCfg = Release|Any CPU
		{5EB22E2A-600D-4A55-B655-A8357AFDD658}.AppStore|iPhone.Build.0 = Release|Any CPU
		{5EB22E2A-600D-4A55-B655-A8357AFDD658}.AppStore|iPhoneSimulator.ActiveCfg = Release|Any CPU
		{5EB22E2A-600D-4A55-B655-A8357AFDD658}.AppStore|iPhoneSimulator.Build.0 = Release|Any CPU
		{5EB22E2A-600D-4A55-B655-A8357AFDD658}.AppStore|x64.ActiveCfg = Release|Any CPU
		{5EB22E2A-600D-4A55-B655-A8357AFDD658}.AppStore|x64.Build.0 = Release|Any CPU
		{5EB22E2A-600D-4A55-B655-A8357AFDD658}.AppStore|x86.ActiveCfg = Release|Any CPU
		{5EB22E2A-600D-4A55-B655-A8357AFDD658}.AppStore|x86.Build.0 = Release|Any CPU
		{5EB22E2A-600D-4A55-B655-A8357AFDD658}.Debug|Any CPU.ActiveCfg = Debug|Any CPU
		{5EB22E2A-600D-4A55-B655-A8357AFDD658}.Debug|Any CPU.Build.0 = Debug|Any CPU
		{5EB22E2A-600D-4A55-B655-A8357AFDD658}.Debug|ARM.ActiveCfg = Debug|Any CPU
		{5EB22E2A-600D-4A55-B655-A8357AFDD658}.Debug|ARM.Build.0 = Debug|Any CPU
		{5EB22E2A-600D-4A55-B655-A8357AFDD658}.Debug|iPhone.ActiveCfg = Debug|Any CPU
		{5EB22E2A-600D-4A55-B655-A8357AFDD658}.Debug|iPhone.Build.0 = Debug|Any CPU
		{5EB22E2A-600D-4A55-B655-A8357AFDD658}.Debug|iPhoneSimulator.ActiveCfg = Debug|Any CPU
		{5EB22E2A-600D-4A55-B655-A8357AFDD658}.Debug|iPhoneSimulator.Build.0 = Debug|Any CPU
		{5EB22E2A-600D-4A55-B655-A8357AFDD658}.Debug|x64.ActiveCfg = Debug|Any CPU
		{5EB22E2A-600D-4A55-B655-A8357AFDD658}.Debug|x64.Build.0 = Debug|Any CPU
		{5EB22E2A-600D-4A55-B655-A8357AFDD658}.Debug|x86.ActiveCfg = Debug|Any CPU
		{5EB22E2A-600D-4A55-B655-A8357AFDD658}.Debug|x86.Build.0 = Debug|Any CPU
		{5EB22E2A-600D-4A55-B655-A8357AFDD658}.Release|Any CPU.ActiveCfg = Release|Any CPU
		{5EB22E2A-600D-4A55-B655-A8357AFDD658}.Release|Any CPU.Build.0 = Release|Any CPU
		{5EB22E2A-600D-4A55-B655-A8357AFDD658}.Release|ARM.ActiveCfg = Release|Any CPU
		{5EB22E2A-600D-4A55-B655-A8357AFDD658}.Release|ARM.Build.0 = Release|Any CPU
		{5EB22E2A-600D-4A55-B655-A8357AFDD658}.Release|iPhone.ActiveCfg = Release|Any CPU
		{5EB22E2A-600D-4A55-B655-A8357AFDD658}.Release|iPhone.Build.0 = Release|Any CPU
		{5EB22E2A-600D-4A55-B655-A8357AFDD658}.Release|iPhoneSimulator.ActiveCfg = Release|Any CPU
		{5EB22E2A-600D-4A55-B655-A8357AFDD658}.Release|iPhoneSimulator.Build.0 = Release|Any CPU
		{5EB22E2A-600D-4A55-B655-A8357AFDD658}.Release|x64.ActiveCfg = Release|Any CPU
		{5EB22E2A-600D-4A55-B655-A8357AFDD658}.Release|x64.Build.0 = Release|Any CPU
		{5EB22E2A-600D-4A55-B655-A8357AFDD658}.Release|x86.ActiveCfg = Release|Any CPU
		{5EB22E2A-600D-4A55-B655-A8357AFDD658}.Release|x86.Build.0 = Release|Any CPU
		{569BD4D6-3CCD-49E5-B71B-4ADC9F196948}.Ad-Hoc|Any CPU.ActiveCfg = Release|Any CPU
		{569BD4D6-3CCD-49E5-B71B-4ADC9F196948}.Ad-Hoc|Any CPU.Build.0 = Release|Any CPU
		{569BD4D6-3CCD-49E5-B71B-4ADC9F196948}.Ad-Hoc|ARM.ActiveCfg = Release|Any CPU
		{569BD4D6-3CCD-49E5-B71B-4ADC9F196948}.Ad-Hoc|ARM.Build.0 = Release|Any CPU
		{569BD4D6-3CCD-49E5-B71B-4ADC9F196948}.Ad-Hoc|iPhone.ActiveCfg = Release|Any CPU
		{569BD4D6-3CCD-49E5-B71B-4ADC9F196948}.Ad-Hoc|iPhone.Build.0 = Release|Any CPU
		{569BD4D6-3CCD-49E5-B71B-4ADC9F196948}.Ad-Hoc|iPhoneSimulator.ActiveCfg = Release|Any CPU
		{569BD4D6-3CCD-49E5-B71B-4ADC9F196948}.Ad-Hoc|iPhoneSimulator.Build.0 = Release|Any CPU
		{569BD4D6-3CCD-49E5-B71B-4ADC9F196948}.Ad-Hoc|x64.ActiveCfg = Release|Any CPU
		{569BD4D6-3CCD-49E5-B71B-4ADC9F196948}.Ad-Hoc|x64.Build.0 = Release|Any CPU
		{569BD4D6-3CCD-49E5-B71B-4ADC9F196948}.Ad-Hoc|x86.ActiveCfg = Release|Any CPU
		{569BD4D6-3CCD-49E5-B71B-4ADC9F196948}.Ad-Hoc|x86.Build.0 = Release|Any CPU
		{569BD4D6-3CCD-49E5-B71B-4ADC9F196948}.AppStore|Any CPU.ActiveCfg = Release|Any CPU
		{569BD4D6-3CCD-49E5-B71B-4ADC9F196948}.AppStore|Any CPU.Build.0 = Release|Any CPU
		{569BD4D6-3CCD-49E5-B71B-4ADC9F196948}.AppStore|ARM.ActiveCfg = Release|Any CPU
		{569BD4D6-3CCD-49E5-B71B-4ADC9F196948}.AppStore|ARM.Build.0 = Release|Any CPU
		{569BD4D6-3CCD-49E5-B71B-4ADC9F196948}.AppStore|iPhone.ActiveCfg = Release|Any CPU
		{569BD4D6-3CCD-49E5-B71B-4ADC9F196948}.AppStore|iPhone.Build.0 = Release|Any CPU
		{569BD4D6-3CCD-49E5-B71B-4ADC9F196948}.AppStore|iPhoneSimulator.ActiveCfg = Release|Any CPU
		{569BD4D6-3CCD-49E5-B71B-4ADC9F196948}.AppStore|iPhoneSimulator.Build.0 = Release|Any CPU
		{569BD4D6-3CCD-49E5-B71B-4ADC9F196948}.AppStore|x64.ActiveCfg = Release|Any CPU
		{569BD4D6-3CCD-49E5-B71B-4ADC9F196948}.AppStore|x64.Build.0 = Release|Any CPU
		{569BD4D6-3CCD-49E5-B71B-4ADC9F196948}.AppStore|x86.ActiveCfg = Release|Any CPU
		{569BD4D6-3CCD-49E5-B71B-4ADC9F196948}.AppStore|x86.Build.0 = Release|Any CPU
		{569BD4D6-3CCD-49E5-B71B-4ADC9F196948}.Debug|Any CPU.ActiveCfg = Debug|Any CPU
		{569BD4D6-3CCD-49E5-B71B-4ADC9F196948}.Debug|Any CPU.Build.0 = Debug|Any CPU
		{569BD4D6-3CCD-49E5-B71B-4ADC9F196948}.Debug|ARM.ActiveCfg = Debug|Any CPU
		{569BD4D6-3CCD-49E5-B71B-4ADC9F196948}.Debug|ARM.Build.0 = Debug|Any CPU
		{569BD4D6-3CCD-49E5-B71B-4ADC9F196948}.Debug|iPhone.ActiveCfg = Debug|Any CPU
		{569BD4D6-3CCD-49E5-B71B-4ADC9F196948}.Debug|iPhone.Build.0 = Debug|Any CPU
		{569BD4D6-3CCD-49E5-B71B-4ADC9F196948}.Debug|iPhoneSimulator.ActiveCfg = Debug|Any CPU
		{569BD4D6-3CCD-49E5-B71B-4ADC9F196948}.Debug|iPhoneSimulator.Build.0 = Debug|Any CPU
		{569BD4D6-3CCD-49E5-B71B-4ADC9F196948}.Debug|x64.ActiveCfg = Debug|Any CPU
		{569BD4D6-3CCD-49E5-B71B-4ADC9F196948}.Debug|x64.Build.0 = Debug|Any CPU
		{569BD4D6-3CCD-49E5-B71B-4ADC9F196948}.Debug|x86.ActiveCfg = Debug|Any CPU
		{569BD4D6-3CCD-49E5-B71B-4ADC9F196948}.Debug|x86.Build.0 = Debug|Any CPU
		{569BD4D6-3CCD-49E5-B71B-4ADC9F196948}.Release|Any CPU.ActiveCfg = Release|Any CPU
		{569BD4D6-3CCD-49E5-B71B-4ADC9F196948}.Release|Any CPU.Build.0 = Release|Any CPU
		{569BD4D6-3CCD-49E5-B71B-4ADC9F196948}.Release|ARM.ActiveCfg = Release|Any CPU
		{569BD4D6-3CCD-49E5-B71B-4ADC9F196948}.Release|ARM.Build.0 = Release|Any CPU
		{569BD4D6-3CCD-49E5-B71B-4ADC9F196948}.Release|iPhone.ActiveCfg = Release|Any CPU
		{569BD4D6-3CCD-49E5-B71B-4ADC9F196948}.Release|iPhone.Build.0 = Release|Any CPU
		{569BD4D6-3CCD-49E5-B71B-4ADC9F196948}.Release|iPhoneSimulator.ActiveCfg = Release|Any CPU
		{569BD4D6-3CCD-49E5-B71B-4ADC9F196948}.Release|iPhoneSimulator.Build.0 = Release|Any CPU
		{569BD4D6-3CCD-49E5-B71B-4ADC9F196948}.Release|x64.ActiveCfg = Release|Any CPU
		{569BD4D6-3CCD-49E5-B71B-4ADC9F196948}.Release|x64.Build.0 = Release|Any CPU
		{569BD4D6-3CCD-49E5-B71B-4ADC9F196948}.Release|x86.ActiveCfg = Release|Any CPU
		{569BD4D6-3CCD-49E5-B71B-4ADC9F196948}.Release|x86.Build.0 = Release|Any CPU
	EndGlobalSection
	GlobalSection(SolutionProperties) = preSolution
		HideSolutionNode = FALSE
	EndGlobalSection
	GlobalSection(ExtensibilityGlobals) = postSolution
		SolutionGuid = {3D104A63-7405-4434-9CD5-7EDFA963E01F}
	EndGlobalSection
EndGlobal
